
Microsoft Visual Studio Solution File, Format Version 12.00
# Visual Studio Version 16
VisualStudioVersion = 16.0.29503.13
MinimumVisualStudioVersion = 10.0.40219.1
Project("{FAE04EC0-301F-11D3-BF4B-00C04F79EFBC}") = "DemoApp", "DemoApp.csproj", "{54E95592-81DA-4406-A7B9-CAAAB4F95D96}"
EndProject
Global
	GlobalSection(SolutionConfigurationPlatforms) = preSolution
		Debug|Any CPU = Debug|Any CPU
		Release|Any CPU = Release|Any CPU
	EndGlobalSection
	GlobalSection(ProjectConfigurationPlatforms) = postSolution
		{54E95592-81DA-4406-A7B9-CAAAB4F95D96}.Debug|Any CPU.ActiveCfg = Debug|Any CPU
		{54E95592-81DA-4406-A7B9-CAAAB4F95D96}.Debug|Any CPU.Build.0 = Debug|Any CPU
		{54E95592-81DA-4406-A7B9-CAAAB4F95D96}.Release|Any CPU.ActiveCfg = Release|Any CPU
		{54E95592-81DA-4406-A7B9-CAAAB4F95D96}.Release|Any CPU.Build.0 = Release|Any CPU
	EndGlobalSection
	GlobalSection(SolutionProperties) = preSolution
		HideSolutionNode = FALSE
	EndGlobalSection
	GlobalSection(ExtensibilityGlobals) = postSolution
		SolutionGuid = {4F43F07A-B15D-4E02-80CD-117C9D79C39E}
	EndGlobalSection
EndGlobal
